// !$*UTF8*$!
{
	archiveVersion = 1;
	classes = {
	};
	objectVersion = 50;
	objects = {

/* Begin PBXBuildFile section */
		5920172424B41454005C1A4C /* RoundedImageView.swift in Sources */ = {isa = PBXBuildFile; fileRef = 5920172324B41454005C1A4C /* RoundedImageView.swift */; };
		5920172624B414F5005C1A4C /* RoundedVEBottom.swift in Sources */ = {isa = PBXBuildFile; fileRef = 5920172524B414F5005C1A4C /* RoundedVEBottom.swift */; };
		5920172824B41560005C1A4C /* MainVC.swift in Sources */ = {isa = PBXBuildFile; fileRef = 5920172724B41560005C1A4C /* MainVC.swift */; };
		5996D81124C2E7F7008A8627 /* GameDB.xcdatamodeld in Sources */ = {isa = PBXBuildFile; fileRef = 5996D80F24C2E7F7008A8627 /* GameDB.xcdatamodeld */; };
		5996D81324C30624008A8627 /* UpdateProfileVC.swift in Sources */ = {isa = PBXBuildFile; fileRef = 5996D81224C30624008A8627 /* UpdateProfileVC.swift */; };
		5996D81524C34D39008A8627 /* CoreDataService.swift in Sources */ = {isa = PBXBuildFile; fileRef = 5996D81424C34D39008A8627 /* CoreDataService.swift */; };
		5996D81724C3EA4F008A8627 /* Constans.swift in Sources */ = {isa = PBXBuildFile; fileRef = 5996D81624C3EA4F008A8627 /* Constans.swift */; };
		5996D81924C40395008A8627 /* FavoritesVC.swift in Sources */ = {isa = PBXBuildFile; fileRef = 5996D81824C40395008A8627 /* FavoritesVC.swift */; };
		59AF456C24AC9DFD00281FE0 /* AppDelegate.swift in Sources */ = {isa = PBXBuildFile; fileRef = 59AF456B24AC9DFD00281FE0 /* AppDelegate.swift */; };
		59AF456E24AC9DFD00281FE0 /* SceneDelegate.swift in Sources */ = {isa = PBXBuildFile; fileRef = 59AF456D24AC9DFD00281FE0 /* SceneDelegate.swift */; };
		59AF457324AC9DFD00281FE0 /* Main.storyboard in Resources */ = {isa = PBXBuildFile; fileRef = 59AF457124AC9DFD00281FE0 /* Main.storyboard */; };
		59AF457524AC9DFF00281FE0 /* Assets.xcassets in Resources */ = {isa = PBXBuildFile; fileRef = 59AF457424AC9DFF00281FE0 /* Assets.xcassets */; };
		59AF457824AC9DFF00281FE0 /* LaunchScreen.storyboard in Resources */ = {isa = PBXBuildFile; fileRef = 59AF457624AC9DFF00281FE0 /* LaunchScreen.storyboard */; };
		59B3FE9224BABEA5003153D7 /* GameModel.swift in Sources */ = {isa = PBXBuildFile; fileRef = 59B3FE9124BABEA5003153D7 /* GameModel.swift */; };
		59B3FE9424BAC012003153D7 /* GameService.swift in Sources */ = {isa = PBXBuildFile; fileRef = 59B3FE9324BAC012003153D7 /* GameService.swift */; };
		59B3FE9624BACB43003153D7 /* GamesCell.swift in Sources */ = {isa = PBXBuildFile; fileRef = 59B3FE9524BACB43003153D7 /* GamesCell.swift */; };
		59B3FE9824BAF51B003153D7 /* AboutVC.swift in Sources */ = {isa = PBXBuildFile; fileRef = 59B3FE9724BAF51B003153D7 /* AboutVC.swift */; };
		59B3FE9D24BAFC9E003153D7 /* Ext.swift in Sources */ = {isa = PBXBuildFile; fileRef = 59B3FE9C24BAFC9E003153D7 /* Ext.swift */; };
		59B3FE9F24BB16CF003153D7 /* DetailVC.swift in Sources */ = {isa = PBXBuildFile; fileRef = 59B3FE9E24BB16CF003153D7 /* DetailVC.swift */; };
		59B3FEA124BB66D2003153D7 /* SortVC.swift in Sources */ = {isa = PBXBuildFile; fileRef = 59B3FEA024BB66D2003153D7 /* SortVC.swift */; };
		59B3FEA324BB69B8003153D7 /* OrderingModel.swift in Sources */ = {isa = PBXBuildFile; fileRef = 59B3FEA224BB69B8003153D7 /* OrderingModel.swift */; };
		59B3FEA524BB6BFF003153D7 /* UserDefaultService.swift in Sources */ = {isa = PBXBuildFile; fileRef = 59B3FEA424BB6BFF003153D7 /* UserDefaultService.swift */; };
/* End PBXBuildFile section */

/* Begin PBXFileReference section */
		5920172324B41454005C1A4C /* RoundedImageView.swift */ = {isa = PBXFileReference; lastKnownFileType = sourcecode.swift; path = RoundedImageView.swift; sourceTree = "<group>"; };
		5920172524B414F5005C1A4C /* RoundedVEBottom.swift */ = {isa = PBXFileReference; lastKnownFileType = sourcecode.swift; path = RoundedVEBottom.swift; sourceTree = "<group>"; };
		5920172724B41560005C1A4C /* MainVC.swift */ = {isa = PBXFileReference; lastKnownFileType = sourcecode.swift; path = MainVC.swift; sourceTree = "<group>"; };
		5996D81024C2E7F7008A8627 /* GameDB.xcdatamodel */ = {isa = PBXFileReference; lastKnownFileType = wrapper.xcdatamodel; path = GameDB.xcdatamodel; sourceTree = "<group>"; };
		5996D81224C30624008A8627 /* UpdateProfileVC.swift */ = {isa = PBXFileReference; lastKnownFileType = sourcecode.swift; path = UpdateProfileVC.swift; sourceTree = "<group>"; };
		5996D81424C34D39008A8627 /* CoreDataService.swift */ = {isa = PBXFileReference; lastKnownFileType = sourcecode.swift; path = CoreDataService.swift; sourceTree = "<group>"; };
		5996D81624C3EA4F008A8627 /* Constans.swift */ = {isa = PBXFileReference; lastKnownFileType = sourcecode.swift; path = Constans.swift; sourceTree = "<group>"; };
		5996D81824C40395008A8627 /* FavoritesVC.swift */ = {isa = PBXFileReference; lastKnownFileType = sourcecode.swift; path = FavoritesVC.swift; sourceTree = "<group>"; };
		59AF456824AC9DFD00281FE0 /* Rawg.app */ = {isa = PBXFileReference; explicitFileType = wrapper.application; includeInIndex = 0; path = Rawg.app; sourceTree = BUILT_PRODUCTS_DIR; };
		59AF456B24AC9DFD00281FE0 /* AppDelegate.swift */ = {isa = PBXFileReference; lastKnownFileType = sourcecode.swift; path = AppDelegate.swift; sourceTree = "<group>"; };
		59AF456D24AC9DFD00281FE0 /* SceneDelegate.swift */ = {isa = PBXFileReference; lastKnownFileType = sourcecode.swift; path = SceneDelegate.swift; sourceTree = "<group>"; };
		59AF457224AC9DFD00281FE0 /* Base */ = {isa = PBXFileReference; lastKnownFileType = file.storyboard; name = Base; path = Base.lproj/Main.storyboard; sourceTree = "<group>"; };
		59AF457424AC9DFF00281FE0 /* Assets.xcassets */ = {isa = PBXFileReference; lastKnownFileType = folder.assetcatalog; path = Assets.xcassets; sourceTree = "<group>"; };
		59AF457724AC9DFF00281FE0 /* Base */ = {isa = PBXFileReference; lastKnownFileType = file.storyboard; name = Base; path = Base.lproj/LaunchScreen.storyboard; sourceTree = "<group>"; };
		59AF457924AC9DFF00281FE0 /* Info.plist */ = {isa = PBXFileReference; lastKnownFileType = text.plist.xml; path = Info.plist; sourceTree = "<group>"; };
		59B3FE9124BABEA5003153D7 /* GameModel.swift */ = {isa = PBXFileReference; lastKnownFileType = sourcecode.swift; path = GameModel.swift; sourceTree = "<group>"; };
		59B3FE9324BAC012003153D7 /* GameService.swift */ = {isa = PBXFileReference; lastKnownFileType = sourcecode.swift; path = GameService.swift; sourceTree = "<group>"; };
		59B3FE9524BACB43003153D7 /* GamesCell.swift */ = {isa = PBXFileReference; lastKnownFileType = sourcecode.swift; path = GamesCell.swift; sourceTree = "<group>"; };
		59B3FE9724BAF51B003153D7 /* AboutVC.swift */ = {isa = PBXFileReference; lastKnownFileType = sourcecode.swift; path = AboutVC.swift; sourceTree = "<group>"; };
		59B3FE9C24BAFC9E003153D7 /* Ext.swift */ = {isa = PBXFileReference; lastKnownFileType = sourcecode.swift; path = Ext.swift; sourceTree = "<group>"; };
		59B3FE9E24BB16CF003153D7 /* DetailVC.swift */ = {isa = PBXFileReference; lastKnownFileType = sourcecode.swift; path = DetailVC.swift; sourceTree = "<group>"; };
		59B3FEA024BB66D2003153D7 /* SortVC.swift */ = {isa = PBXFileReference; lastKnownFileType = sourcecode.swift; path = SortVC.swift; sourceTree = "<group>"; };
		59B3FEA224BB69B8003153D7 /* OrderingModel.swift */ = {isa = PBXFileReference; lastKnownFileType = sourcecode.swift; path = OrderingModel.swift; sourceTree = "<group>"; };
		59B3FEA424BB6BFF003153D7 /* UserDefaultService.swift */ = {isa = PBXFileReference; lastKnownFileType = sourcecode.swift; path = UserDefaultService.swift; sourceTree = "<group>"; };
/* End PBXFileReference section */

/* Begin PBXFrameworksBuildPhase section */
		59AF456524AC9DFD00281FE0 /* Frameworks */ = {
			isa = PBXFrameworksBuildPhase;
			buildActionMask = 2147483647;
			files = (
			);
			runOnlyForDeploymentPostprocessing = 0;
		};
/* End PBXFrameworksBuildPhase section */

/* Begin PBXGroup section */
		5975F64424B1E7A60015684D /* Controller */ = {
			isa = PBXGroup;
			children = (
				5920172724B41560005C1A4C /* MainVC.swift */,
				59B3FE9724BAF51B003153D7 /* AboutVC.swift */,
				59B3FE9E24BB16CF003153D7 /* DetailVC.swift */,
				59B3FEA024BB66D2003153D7 /* SortVC.swift */,
				5996D81224C30624008A8627 /* UpdateProfileVC.swift */,
				5996D81824C40395008A8627 /* FavoritesVC.swift */,
			);
			path = Controller;
			sourceTree = "<group>";
		};
		5975F64524B1E7B10015684D /* View */ = {
			isa = PBXGroup;
			children = (
				5920172324B41454005C1A4C /* RoundedImageView.swift */,
				5920172524B414F5005C1A4C /* RoundedVEBottom.swift */,
				59B3FE9524BACB43003153D7 /* GamesCell.swift */,
			);
			path = View;
			sourceTree = "<group>";
		};
		5975F64624B1E7B60015684D /* Model */ = {
			isa = PBXGroup;
			children = (
				59B3FE9124BABEA5003153D7 /* GameModel.swift */,
				59B3FEA224BB69B8003153D7 /* OrderingModel.swift */,
			);
			path = Model;
			sourceTree = "<group>";
		};
		59AF455F24AC9DFD00281FE0 = {
			isa = PBXGroup;
			children = (
				59AF456A24AC9DFD00281FE0 /* submission-ios-rawg */,
				59AF456924AC9DFD00281FE0 /* Products */,
			);
			sourceTree = "<group>";
		};
		59AF456924AC9DFD00281FE0 /* Products */ = {
			isa = PBXGroup;
			children = (
				59AF456824AC9DFD00281FE0 /* Rawg.app */,
			);
			name = Products;
			sourceTree = "<group>";
		};
		59AF456A24AC9DFD00281FE0 /* submission-ios-rawg */ = {
			isa = PBXGroup;
			children = (
				59B3FE9B24BAFC91003153D7 /* Helper */,
				59B3FE9024BABC9C003153D7 /* Services */,
				5975F64624B1E7B60015684D /* Model */,
				5975F64524B1E7B10015684D /* View */,
				5975F64424B1E7A60015684D /* Controller */,
				59AF457124AC9DFD00281FE0 /* Main.storyboard */,
				5996D80F24C2E7F7008A8627 /* GameDB.xcdatamodeld */,
				59AF456B24AC9DFD00281FE0 /* AppDelegate.swift */,
				59AF456D24AC9DFD00281FE0 /* SceneDelegate.swift */,
				59AF457424AC9DFF00281FE0 /* Assets.xcassets */,
				59AF457624AC9DFF00281FE0 /* LaunchScreen.storyboard */,
				59AF457924AC9DFF00281FE0 /* Info.plist */,
			);
			path = "submission-ios-rawg";
			sourceTree = "<group>";
		};
		59B3FE9024BABC9C003153D7 /* Services */ = {
			isa = PBXGroup;
			children = (
				59B3FE9324BAC012003153D7 /* GameService.swift */,
				59B3FEA424BB6BFF003153D7 /* UserDefaultService.swift */,
				5996D81424C34D39008A8627 /* CoreDataService.swift */,
			);
			path = Services;
			sourceTree = "<group>";
		};
		59B3FE9B24BAFC91003153D7 /* Helper */ = {
			isa = PBXGroup;
			children = (
				59B3FE9C24BAFC9E003153D7 /* Ext.swift */,
				5996D81624C3EA4F008A8627 /* Constans.swift */,
			);
			path = Helper;
			sourceTree = "<group>";
		};
/* End PBXGroup section */

/* Begin PBXNativeTarget section */
		59AF456724AC9DFD00281FE0 /* submission-ios-rawg */ = {
			isa = PBXNativeTarget;
			buildConfigurationList = 59AF457C24AC9DFF00281FE0 /* Build configuration list for PBXNativeTarget "submission-ios-rawg" */;
			buildPhases = (
				59AF456424AC9DFD00281FE0 /* Sources */,
				59AF456524AC9DFD00281FE0 /* Frameworks */,
				59AF456624AC9DFD00281FE0 /* Resources */,
			);
			buildRules = (
			);
			dependencies = (
			);
			name = "submission-ios-rawg";
			productName = "submission-ios-rawg";
			productReference = 59AF456824AC9DFD00281FE0 /* Rawg.app */;
			productType = "com.apple.product-type.application";
		};
/* End PBXNativeTarget section */

/* Begin PBXProject section */
		59AF456024AC9DFD00281FE0 /* Project object */ = {
			isa = PBXProject;
			attributes = {
				LastSwiftUpdateCheck = 1150;
				LastUpgradeCheck = 1150;
				ORGANIZATIONNAME = "Muhammad Hilmy Fauzi";
				TargetAttributes = {
					59AF456724AC9DFD00281FE0 = {
						CreatedOnToolsVersion = 11.5;
					};
				};
			};
			buildConfigurationList = 59AF456324AC9DFD00281FE0 /* Build configuration list for PBXProject "submission-ios-rawg" */;
			compatibilityVersion = "Xcode 9.3";
			developmentRegion = en;
			hasScannedForEncodings = 0;
			knownRegions = (
				en,
				Base,
			);
			mainGroup = 59AF455F24AC9DFD00281FE0;
			productRefGroup = 59AF456924AC9DFD00281FE0 /* Products */;
			projectDirPath = "";
			projectRoot = "";
			targets = (
				59AF456724AC9DFD00281FE0 /* submission-ios-rawg */,
			);
		};
/* End PBXProject section */

/* Begin PBXResourcesBuildPhase section */
		59AF456624AC9DFD00281FE0 /* Resources */ = {
			isa = PBXResourcesBuildPhase;
			buildActionMask = 2147483647;
			files = (
				59AF457824AC9DFF00281FE0 /* LaunchScreen.storyboard in Resources */,
				59AF457524AC9DFF00281FE0 /* Assets.xcassets in Resources */,
				59AF457324AC9DFD00281FE0 /* Main.storyboard in Resources */,
			);
			runOnlyForDeploymentPostprocessing = 0;
		};
/* End PBXResourcesBuildPhase section */

/* Begin PBXSourcesBuildPhase section */
		59AF456424AC9DFD00281FE0 /* Sources */ = {
			isa = PBXSourcesBuildPhase;
			buildActionMask = 2147483647;
			files = (
				5996D81924C40395008A8627 /* FavoritesVC.swift in Sources */,
				5996D81524C34D39008A8627 /* CoreDataService.swift in Sources */,
				5920172424B41454005C1A4C /* RoundedImageView.swift in Sources */,
				5996D81724C3EA4F008A8627 /* Constans.swift in Sources */,
				5920172824B41560005C1A4C /* MainVC.swift in Sources */,
				59B3FE9F24BB16CF003153D7 /* DetailVC.swift in Sources */,
				59B3FEA324BB69B8003153D7 /* OrderingModel.swift in Sources */,
				59AF456C24AC9DFD00281FE0 /* AppDelegate.swift in Sources */,
				59B3FEA124BB66D2003153D7 /* SortVC.swift in Sources */,
				5920172624B414F5005C1A4C /* RoundedVEBottom.swift in Sources */,
				59B3FE9224BABEA5003153D7 /* GameModel.swift in Sources */,
				59B3FE9824BAF51B003153D7 /* AboutVC.swift in Sources */,
				5996D81124C2E7F7008A8627 /* GameDB.xcdatamodeld in Sources */,
				59AF456E24AC9DFD00281FE0 /* SceneDelegate.swift in Sources */,
				59B3FE9624BACB43003153D7 /* GamesCell.swift in Sources */,
				59B3FE9424BAC012003153D7 /* GameService.swift in Sources */,
				5996D81324C30624008A8627 /* UpdateProfileVC.swift in Sources */,
				59B3FEA524BB6BFF003153D7 /* UserDefaultService.swift in Sources */,
				59B3FE9D24BAFC9E003153D7 /* Ext.swift in Sources */,
			);
			runOnlyForDeploymentPostprocessing = 0;
		};
/* End PBXSourcesBuildPhase section */

/* Begin PBXVariantGroup section */
		59AF457124AC9DFD00281FE0 /* Main.storyboard */ = {
			isa = PBXVariantGroup;
			children = (
				59AF457224AC9DFD00281FE0 /* Base */,
			);
			name = Main.storyboard;
			sourceTree = "<group>";
		};
		59AF457624AC9DFF00281FE0 /* LaunchScreen.storyboard */ = {
			isa = PBXVariantGroup;
			children = (
				59AF457724AC9DFF00281FE0 /* Base */,
			);
			name = LaunchScreen.storyboard;
			sourceTree = "<group>";
		};
/* End PBXVariantGroup section */

/* Begin XCBuildConfiguration section */
		59AF457A24AC9DFF00281FE0 /* Debug */ = {
			isa = XCBuildConfiguration;
			buildSettings = {
				ALWAYS_SEARCH_USER_PATHS = NO;
				CLANG_ANALYZER_NONNULL = YES;
				CLANG_ANALYZER_NUMBER_OBJECT_CONVERSION = YES_AGGRESSIVE;
				CLANG_CXX_LANGUAGE_STANDARD = "gnu++14";
				CLANG_CXX_LIBRARY = "libc++";
				CLANG_ENABLE_MODULES = YES;
				CLANG_ENABLE_OBJC_ARC = YES;
				CLANG_ENABLE_OBJC_WEAK = YES;
				CLANG_WARN_BLOCK_CAPTURE_AUTORELEASING = YES;
				CLANG_WARN_BOOL_CONVERSION = YES;
				CLANG_WARN_COMMA = YES;
				CLANG_WARN_CONSTANT_CONVERSION = YES;
				CLANG_WARN_DEPRECATED_OBJC_IMPLEMENTATIONS = YES;
				CLANG_WARN_DIRECT_OBJC_ISA_USAGE = YES_ERROR;
				CLANG_WARN_DOCUMENTATION_COMMENTS = YES;
				CLANG_WARN_EMPTY_BODY = YES;
				CLANG_WARN_ENUM_CONVERSION = YES;
				CLANG_WARN_INFINITE_RECURSION = YES;
				CLANG_WARN_INT_CONVERSION = YES;
				CLANG_WARN_NON_LITERAL_NULL_CONVERSION = YES;
				CLANG_WARN_OBJC_IMPLICIT_RETAIN_SELF = YES;
				CLANG_WARN_OBJC_LITERAL_CONVERSION = YES;
				CLANG_WARN_OBJC_ROOT_CLASS = YES_ERROR;
				CLANG_WARN_RANGE_LOOP_ANALYSIS = YES;
				CLANG_WARN_STRICT_PROTOTYPES = YES;
				CLANG_WARN_SUSPICIOUS_MOVE = YES;
				CLANG_WARN_UNGUARDED_AVAILABILITY = YES_AGGRESSIVE;
				CLANG_WARN_UNREACHABLE_CODE = YES;
				CLANG_WARN__DUPLICATE_METHOD_MATCH = YES;
				COPY_PHASE_STRIP = NO;
				DEBUG_INFORMATION_FORMAT = dwarf;
				ENABLE_STRICT_OBJC_MSGSEND = YES;
				ENABLE_TESTABILITY = YES;
				GCC_C_LANGUAGE_STANDARD = gnu11;
				GCC_DYNAMIC_NO_PIC = NO;
				GCC_NO_COMMON_BLOCKS = YES;
				GCC_OPTIMIZATION_LEVEL = 0;
				GCC_PREPROCESSOR_DEFINITIONS = (
					"DEBUG=1",
					"$(inherited)",
				);
				GCC_WARN_64_TO_32_BIT_CONVERSION = YES;
				GCC_WARN_ABOUT_RETURN_TYPE = YES_ERROR;
				GCC_WARN_UNDECLARED_SELECTOR = YES;
				GCC_WARN_UNINITIALIZED_AUTOS = YES_AGGRESSIVE;
				GCC_WARN_UNUSED_FUNCTION = YES;
				GCC_WARN_UNUSED_VARIABLE = YES;
				IPHONEOS_DEPLOYMENT_TARGET = 13.0;
				MTL_ENABLE_DEBUG_INFO = INCLUDE_SOURCE;
				MTL_FAST_MATH = YES;
				ONLY_ACTIVE_ARCH = YES;
				SDKROOT = iphoneos;
				SWIFT_ACTIVE_COMPILATION_CONDITIONS = DEBUG;
				SWIFT_OPTIMIZATION_LEVEL = "-Onone";
			};
			name = Debug;
		};
		59AF457B24AC9DFF00281FE0 /* Release */ = {
			isa = XCBuildConfiguration;
			buildSettings = {
				ALWAYS_SEARCH_USER_PATHS = NO;
				CLANG_ANALYZER_NONNULL = YES;
				CLANG_ANALYZER_NUMBER_OBJECT_CONVERSION = YES_AGGRESSIVE;
				CLANG_CXX_LANGUAGE_STANDARD = "gnu++14";
				CLANG_CXX_LIBRARY = "libc++";
				CLANG_ENABLE_MODULES = YES;
				CLANG_ENABLE_OBJC_ARC = YES;
				CLANG_ENABLE_OBJC_WEAK = YES;
				CLANG_WARN_BLOCK_CAPTURE_AUTORELEASING = YES;
				CLANG_WARN_BOOL_CONVERSION = YES;
				CLANG_WARN_COMMA = YES;
				CLANG_WARN_CONSTANT_CONVERSION = YES;
				CLANG_WARN_DEPRECATED_OBJC_IMPLEMENTATIONS = YES;
				CLANG_WARN_DIRECT_OBJC_ISA_USAGE = YES_ERROR;
				CLANG_WARN_DOCUMENTATION_COMMENTS = YES;
				CLANG_WARN_EMPTY_BODY = YES;
				CLANG_WARN_ENUM_CONVERSION = YES;
				CLANG_WARN_INFINITE_RECURSION = YES;
				CLANG_WARN_INT_CONVERSION = YES;
				CLANG_WARN_NON_LITERAL_NULL_CONVERSION = YES;
				CLANG_WARN_OBJC_IMPLICIT_RETAIN_SELF = YES;
				CLANG_WARN_OBJC_LITERAL_CONVERSION = YES;
				CLANG_WARN_OBJC_ROOT_CLASS = YES_ERROR;
				CLANG_WARN_RANGE_LOOP_ANALYSIS = YES;
				CLANG_WARN_STRICT_PROTOTYPES = YES;
				CLANG_WARN_SUSPICIOUS_MOVE = YES;
				CLANG_WARN_UNGUARDED_AVAILABILITY = YES_AGGRESSIVE;
				CLANG_WARN_UNREACHABLE_CODE = YES;
				CLANG_WARN__DUPLICATE_METHOD_MATCH = YES;
				COPY_PHASE_STRIP = NO;
				DEBUG_INFORMATION_FORMAT = "dwarf-with-dsym";
				ENABLE_NS_ASSERTIONS = NO;
				ENABLE_STRICT_OBJC_MSGSEND = YES;
				GCC_C_LANGUAGE_STANDARD = gnu11;
				GCC_NO_COMMON_BLOCKS = YES;
				GCC_WARN_64_TO_32_BIT_CONVERSION = YES;
				GCC_WARN_ABOUT_RETURN_TYPE = YES_ERROR;
				GCC_WARN_UNDECLARED_SELECTOR = YES;
				GCC_WARN_UNINITIALIZED_AUTOS = YES_AGGRESSIVE;
				GCC_WARN_UNUSED_FUNCTION = YES;
				GCC_WARN_UNUSED_VARIABLE = YES;
				IPHONEOS_DEPLOYMENT_TARGET = 13.0;
				MTL_ENABLE_DEBUG_INFO = NO;
				MTL_FAST_MATH = YES;
				SDKROOT = iphoneos;
				SWIFT_COMPILATION_MODE = wholemodule;
				SWIFT_OPTIMIZATION_LEVEL = "-O";
				VALIDATE_PRODUCT = YES;
			};
			name = Release;
		};
		59AF457D24AC9DFF00281FE0 /* Debug */ = {
			isa = XCBuildConfiguration;
			buildSettings = {
				ASSETCATALOG_COMPILER_APPICON_NAME = AppIcon;
				CODE_SIGN_STYLE = Automatic;
				DEVELOPMENT_TEAM = 72C5A4RQ56;
				INFOPLIST_FILE = "submission-ios-rawg/Info.plist";
				LD_RUNPATH_SEARCH_PATHS = (
					"$(inherited)",
					"@executable_path/Frameworks",
				);
				PRODUCT_BUNDLE_IDENTIFIER = "com.fauzi.submission-ios-rawg";
				PRODUCT_NAME = Rawg;
				SWIFT_VERSION = 5.0;
				TARGETED_DEVICE_FAMILY = 1;
			};
			name = Debug;
		};
		59AF457E24AC9DFF00281FE0 /* Release */ = {
			isa = XCBuildConfiguration;
			buildSettings = {
				ASSETCATALOG_COMPILER_APPICON_NAME = AppIcon;
				CODE_SIGN_STYLE = Automatic;
				DEVELOPMENT_TEAM = 72C5A4RQ56;
				INFOPLIST_FILE = "submission-ios-rawg/Info.plist";
				LD_RUNPATH_SEARCH_PATHS = (
					"$(inherited)",
					"@executable_path/Frameworks",
				);
				PRODUCT_BUNDLE_IDENTIFIER = "com.fauzi.submission-ios-rawg";
				PRODUCT_NAME = Rawg;
				SWIFT_VERSION = 5.0;
				TARGETED_DEVICE_FAMILY = 1;
			};
			name = Release;
		};
/* End XCBuildConfiguration section */

/* Begin XCConfigurationList section */
		59AF456324AC9DFD00281FE0 /* Build configuration list for PBXProject "submission-ios-rawg" */ = {
			isa = XCConfigurationList;
			buildConfigurations = (
				59AF457A24AC9DFF00281FE0 /* Debug */,
				59AF457B24AC9DFF00281FE0 /* Release */,
			);
			defaultConfigurationIsVisible = 0;
			defaultConfigurationName = Release;
		};
		59AF457C24AC9DFF00281FE0 /* Build configuration list for PBXNativeTarget "submission-ios-rawg" */ = {
			isa = XCConfigurationList;
			buildConfigurations = (
				59AF457D24AC9DFF00281FE0 /* Debug */,
				59AF457E24AC9DFF00281FE0 /* Release */,
			);
			defaultConfigurationIsVisible = 0;
			defaultConfigurationName = Release;
		};
/* End XCConfigurationList section */

/* Begin XCVersionGroup section */
		5996D80F24C2E7F7008A8627 /* GameDB.xcdatamodeld */ = {
			isa = XCVersionGroup;
			children = (
				5996D81024C2E7F7008A8627 /* GameDB.xcdatamodel */,
			);
			currentVersion = 5996D81024C2E7F7008A8627 /* GameDB.xcdatamodel */;
			path = GameDB.xcdatamodeld;
			sourceTree = "<group>";
			versionGroupType = wrapper.xcdatamodel;
		};
/* End XCVersionGroup section */
	};
	rootObject = 59AF456024AC9DFD00281FE0 /* Project object */;
}
